
Microsoft Visual Studio Solution File, Format Version 12.00
# Visual Studio Version 17
VisualStudioVersion = 17.11.35219.272
MinimumVisualStudioVersion = 10.0.40219.1
Project("{9A19103F-16F7-4668-BE54-9A1E7A4F7556}") = "Modul_1_1_0", "Opg_dag_1\Modul_1_1_0.csproj", "{FFAD9A1E-98FF-4BC8-A400-C5FB8D49684A}"
EndProject
Project("{9A19103F-16F7-4668-BE54-9A1E7A4F7556}") = "Modul_1_2_01", "Dag_2\Modul_1_2_01.csproj", "{275C622C-99BF-46F2-83CC-4B4C4B7F9B8E}"
EndProject
Project("{9A19103F-16F7-4668-BE54-9A1E7A4F7556}") = "Modul_1_2_02", "Modul_1_2_2\Modul_1_2_02.csproj", "{23AA0EC9-732C-436A-B2F6-2C3400FE65BD}"
EndProject
Project("{9A19103F-16F7-4668-BE54-9A1E7A4F7556}") = "Modul_1_2_03", "Modul_1_2_3\Modul_1_2_03.csproj", "{A314A41A-7244-467A-8674-BCD02F9B6D42}"
EndProject
Project("{9A19103F-16F7-4668-BE54-9A1E7A4F7556}") = "Modul_1_2_04", "Modul_1_2_4\Modul_1_2_04.csproj", "{538E5C18-75BF-444E-B598-1A4AC8AFE967}"
EndProject
Project("{2150E333-8FDC-42A3-9474-1A3956D46DE8}") = "Done", "Done", "{B1C94AB3-EFD7-4CAA-8323-B9AA4BDDB2A7}"
EndProject
Project("{9A19103F-16F7-4668-BE54-9A1E7A4F7556}") = "Modul_1_2_05", "Modul_1_2_5\Modul_1_2_05.csproj", "{69F13DFB-8187-425E-9DB6-1939A777995C}"
EndProject
Project("{9A19103F-16F7-4668-BE54-9A1E7A4F7556}") = "Modul_1_2_06", "Modul_1_2_6\Modul_1_2_06.csproj", "{9B99C2AB-9604-4782-81A9-20895B4B3A29}"
EndProject
Project("{9A19103F-16F7-4668-BE54-9A1E7A4F7556}") = "Modul_1_2_07", "Modul_1_2_7\Modul_1_2_07.csproj", "{9BED69A9-14F8-478A-AE44-BBC5259CB858}"
EndProject
Project("{9A19103F-16F7-4668-BE54-9A1E7A4F7556}") = "Banke_bøf", "Banke_bøf\Banke_bøf.csproj", "{EB833A06-36EE-45E4-8906-97430020DD40}"
EndProject
Project("{9A19103F-16F7-4668-BE54-9A1E7A4F7556}") = "Modul_1_2_08", "Modul_1_2_8\Modul_1_2_08.csproj", "{C7EC7808-6A85-4C5A-B555-7F4488B298F7}"
EndProject
Project("{FAE04EC0-301F-11D3-BF4B-00C04F79EFBC}") = "Modul_1_2_09", "Modul_1_2_9\Modul_1_2_09.csproj", "{71C3CEA3-B001-4CAC-BD0D-B139712B37D2}"
EndProject
Project("{FAE04EC0-301F-11D3-BF4B-00C04F79EFBC}") = "Modul_1_2_10", "Modul_1_2_10\Modul_1_2_10.csproj", "{15FCC008-B8C7-498E-8E03-9B08E206FF05}"
EndProject
Project("{FAE04EC0-301F-11D3-BF4B-00C04F79EFBC}") = "Modul_1_2_11", "Modul_1_2_11\Modul_1_2_11.csproj", "{1A24C024-D037-4744-828F-6D2646133601}"
EndProject
Project("{FAE04EC0-301F-11D3-BF4B-00C04F79EFBC}") = "Modul_1_2_12", "Modul_1_2_12\Modul_1_2_12.csproj", "{CBD506E7-D2DA-45FD-99F6-EABA6D371C9E}"
EndProject
Global
	GlobalSection(SolutionConfigurationPlatforms) = preSolution
		Debug|Any CPU = Debug|Any CPU
		Release|Any CPU = Release|Any CPU
	EndGlobalSection
	GlobalSection(ProjectConfigurationPlatforms) = postSolution
		{FFAD9A1E-98FF-4BC8-A400-C5FB8D49684A}.Debug|Any CPU.ActiveCfg = Debug|Any CPU
		{FFAD9A1E-98FF-4BC8-A400-C5FB8D49684A}.Debug|Any CPU.Build.0 = Debug|Any CPU
		{FFAD9A1E-98FF-4BC8-A400-C5FB8D49684A}.Release|Any CPU.ActiveCfg = Release|Any CPU
		{FFAD9A1E-98FF-4BC8-A400-C5FB8D49684A}.Release|Any CPU.Build.0 = Release|Any CPU
		{275C622C-99BF-46F2-83CC-4B4C4B7F9B8E}.Debug|Any CPU.ActiveCfg = Debug|Any CPU
		{275C622C-99BF-46F2-83CC-4B4C4B7F9B8E}.Debug|Any CPU.Build.0 = Debug|Any CPU
		{275C622C-99BF-46F2-83CC-4B4C4B7F9B8E}.Release|Any CPU.ActiveCfg = Release|Any CPU
		{275C622C-99BF-46F2-83CC-4B4C4B7F9B8E}.Release|Any CPU.Build.0 = Release|Any CPU
		{23AA0EC9-732C-436A-B2F6-2C3400FE65BD}.Debug|Any CPU.ActiveCfg = Debug|Any CPU
		{23AA0EC9-732C-436A-B2F6-2C3400FE65BD}.Debug|Any CPU.Build.0 = Debug|Any CPU
		{23AA0EC9-732C-436A-B2F6-2C3400FE65BD}.Release|Any CPU.ActiveCfg = Release|Any CPU
		{23AA0EC9-732C-436A-B2F6-2C3400FE65BD}.Release|Any CPU.Build.0 = Release|Any CPU
		{A314A41A-7244-467A-8674-BCD02F9B6D42}.Debug|Any CPU.ActiveCfg = Debug|Any CPU
		{A314A41A-7244-467A-8674-BCD02F9B6D42}.Debug|Any CPU.Build.0 = Debug|Any CPU
		{A314A41A-7244-467A-8674-BCD02F9B6D42}.Release|Any CPU.ActiveCfg = Release|Any CPU
		{A314A41A-7244-467A-8674-BCD02F9B6D42}.Release|Any CPU.Build.0 = Release|Any CPU
		{538E5C18-75BF-444E-B598-1A4AC8AFE967}.Debug|Any CPU.ActiveCfg = Debug|Any CPU
		{538E5C18-75BF-444E-B598-1A4AC8AFE967}.Debug|Any CPU.Build.0 = Debug|Any CPU
		{538E5C18-75BF-444E-B598-1A4AC8AFE967}.Release|Any CPU.ActiveCfg = Release|Any CPU
		{538E5C18-75BF-444E-B598-1A4AC8AFE967}.Release|Any CPU.Build.0 = Release|Any CPU
		{69F13DFB-8187-425E-9DB6-1939A777995C}.Debug|Any CPU.ActiveCfg = Debug|Any CPU
		{69F13DFB-8187-425E-9DB6-1939A777995C}.Debug|Any CPU.Build.0 = Debug|Any CPU
		{69F13DFB-8187-425E-9DB6-1939A777995C}.Release|Any CPU.ActiveCfg = Release|Any CPU
		{69F13DFB-8187-425E-9DB6-1939A777995C}.Release|Any CPU.Build.0 = Release|Any CPU
		{9B99C2AB-9604-4782-81A9-20895B4B3A29}.Debug|Any CPU.ActiveCfg = Debug|Any CPU
		{9B99C2AB-9604-4782-81A9-20895B4B3A29}.Debug|Any CPU.Build.0 = Debug|Any CPU
		{9B99C2AB-9604-4782-81A9-20895B4B3A29}.Release|Any CPU.ActiveCfg = Release|Any CPU
		{9B99C2AB-9604-4782-81A9-20895B4B3A29}.Release|Any CPU.Build.0 = Release|Any CPU
		{9BED69A9-14F8-478A-AE44-BBC5259CB858}.Debug|Any CPU.ActiveCfg = Debug|Any CPU
		{9BED69A9-14F8-478A-AE44-BBC5259CB858}.Debug|Any CPU.Build.0 = Debug|Any CPU
		{9BED69A9-14F8-478A-AE44-BBC5259CB858}.Release|Any CPU.ActiveCfg = Release|Any CPU
		{9BED69A9-14F8-478A-AE44-BBC5259CB858}.Release|Any CPU.Build.0 = Release|Any CPU
		{EB833A06-36EE-45E4-8906-97430020DD40}.Debug|Any CPU.ActiveCfg = Debug|Any CPU
		{EB833A06-36EE-45E4-8906-97430020DD40}.Debug|Any CPU.Build.0 = Debug|Any CPU
		{EB833A06-36EE-45E4-8906-97430020DD40}.Release|Any CPU.ActiveCfg = Release|Any CPU
		{EB833A06-36EE-45E4-8906-97430020DD40}.Release|Any CPU.Build.0 = Release|Any CPU
		{C7EC7808-6A85-4C5A-B555-7F4488B298F7}.Debug|Any CPU.ActiveCfg = Debug|Any CPU
		{C7EC7808-6A85-4C5A-B555-7F4488B298F7}.Debug|Any CPU.Build.0 = Debug|Any CPU
		{C7EC7808-6A85-4C5A-B555-7F4488B298F7}.Release|Any CPU.ActiveCfg = Release|Any CPU
		{C7EC7808-6A85-4C5A-B555-7F4488B298F7}.Release|Any CPU.Build.0 = Release|Any CPU
		{71C3CEA3-B001-4CAC-BD0D-B139712B37D2}.Debug|Any CPU.ActiveCfg = Debug|Any CPU
		{71C3CEA3-B001-4CAC-BD0D-B139712B37D2}.Debug|Any CPU.Build.0 = Debug|Any CPU
		{71C3CEA3-B001-4CAC-BD0D-B139712B37D2}.Release|Any CPU.ActiveCfg = Release|Any CPU
		{71C3CEA3-B001-4CAC-BD0D-B139712B37D2}.Release|Any CPU.Build.0 = Release|Any CPU
		{15FCC008-B8C7-498E-8E03-9B08E206FF05}.Debug|Any CPU.ActiveCfg = Debug|Any CPU
		{15FCC008-B8C7-498E-8E03-9B08E206FF05}.Debug|Any CPU.Build.0 = Debug|Any CPU
		{15FCC008-B8C7-498E-8E03-9B08E206FF05}.Release|Any CPU.ActiveCfg = Release|Any CPU
		{15FCC008-B8C7-498E-8E03-9B08E206FF05}.Release|Any CPU.Build.0 = Release|Any CPU
		{1A24C024-D037-4744-828F-6D2646133601}.Debug|Any CPU.ActiveCfg = Debug|Any CPU
		{1A24C024-D037-4744-828F-6D2646133601}.Debug|Any CPU.Build.0 = Debug|Any CPU
		{1A24C024-D037-4744-828F-6D2646133601}.Release|Any CPU.ActiveCfg = Release|Any CPU
		{1A24C024-D037-4744-828F-6D2646133601}.Release|Any CPU.Build.0 = Release|Any CPU
		{CBD506E7-D2DA-45FD-99F6-EABA6D371C9E}.Debug|Any CPU.ActiveCfg = Debug|Any CPU
		{CBD506E7-D2DA-45FD-99F6-EABA6D371C9E}.Debug|Any CPU.Build.0 = Debug|Any CPU
		{CBD506E7-D2DA-45FD-99F6-EABA6D371C9E}.Release|Any CPU.ActiveCfg = Release|Any CPU
		{CBD506E7-D2DA-45FD-99F6-EABA6D371C9E}.Release|Any CPU.Build.0 = Release|Any CPU
	EndGlobalSection
	GlobalSection(SolutionProperties) = preSolution
		HideSolutionNode = FALSE
	EndGlobalSection
	GlobalSection(NestedProjects) = preSolution
		{FFAD9A1E-98FF-4BC8-A400-C5FB8D49684A} = {B1C94AB3-EFD7-4CAA-8323-B9AA4BDDB2A7}
		{275C622C-99BF-46F2-83CC-4B4C4B7F9B8E} = {B1C94AB3-EFD7-4CAA-8323-B9AA4BDDB2A7}
		{23AA0EC9-732C-436A-B2F6-2C3400FE65BD} = {B1C94AB3-EFD7-4CAA-8323-B9AA4BDDB2A7}
		{A314A41A-7244-467A-8674-BCD02F9B6D42} = {B1C94AB3-EFD7-4CAA-8323-B9AA4BDDB2A7}
		{538E5C18-75BF-444E-B598-1A4AC8AFE967} = {B1C94AB3-EFD7-4CAA-8323-B9AA4BDDB2A7}
		{69F13DFB-8187-425E-9DB6-1939A777995C} = {B1C94AB3-EFD7-4CAA-8323-B9AA4BDDB2A7}
		{9B99C2AB-9604-4782-81A9-20895B4B3A29} = {B1C94AB3-EFD7-4CAA-8323-B9AA4BDDB2A7}
		{9BED69A9-14F8-478A-AE44-BBC5259CB858} = {B1C94AB3-EFD7-4CAA-8323-B9AA4BDDB2A7}
	EndGlobalSection
	GlobalSection(ExtensibilityGlobals) = postSolution
		SolutionGuid = {B07DE43D-26E5-492B-8D3C-EDF686D8CF61}
	EndGlobalSection
EndGlobal
