
Microsoft Visual Studio Solution File, Format Version 12.00
# Visual Studio Version 17
VisualStudioVersion = 17.11.35219.272
MinimumVisualStudioVersion = 10.0.40219.1
Project("{9A19103F-16F7-4668-BE54-9A1E7A4F7556}") = "Modul_1_1_0", "Opg_dag_1\Modul_1_1_0.csproj", "{FFAD9A1E-98FF-4BC8-A400-C5FB8D49684A}"
EndProject
Project("{9A19103F-16F7-4668-BE54-9A1E7A4F7556}") = "Modul_1_2_01", "Dag_2\Modul_1_2_01.csproj", "{275C622C-99BF-46F2-83CC-4B4C4B7F9B8E}"
EndProject
Project("{9A19103F-16F7-4668-BE54-9A1E7A4F7556}") = "Modul_1_2_02", "Modul_1_2_2\Modul_1_2_02.csproj", "{23AA0EC9-732C-436A-B2F6-2C3400FE65BD}"
EndProject
Project("{9A19103F-16F7-4668-BE54-9A1E7A4F7556}") = "Modul_1_2_03", "Modul_1_2_3\Modul_1_2_03.csproj", "{A314A41A-7244-467A-8674-BCD02F9B6D42}"
EndProject
Project("{9A19103F-16F7-4668-BE54-9A1E7A4F7556}") = "Modul_1_2_04", "Modul_1_2_4\Modul_1_2_04.csproj", "{538E5C18-75BF-444E-B598-1A4AC8AFE967}"
EndProject
Project("{2150E333-8FDC-42A3-9474-1A3956D46DE8}") = "Done", "Done", "{B1C94AB3-EFD7-4CAA-8323-B9AA4BDDB2A7}"
EndProject
Project("{9A19103F-16F7-4668-BE54-9A1E7A4F7556}") = "Modul_1_2_05", "Modul_1_2_5\Modul_1_2_05.csproj", "{69F13DFB-8187-425E-9DB6-1939A777995C}"
EndProject
Project("{9A19103F-16F7-4668-BE54-9A1E7A4F7556}") = "Modul_1_2_06", "Modul_1_2_6\Modul_1_2_06.csproj", "{9B99C2AB-9604-4782-81A9-20895B4B3A29}"
EndProject
Project("{9A19103F-16F7-4668-BE54-9A1E7A4F7556}") = "Modul_1_2_07", "Modul_1_2_7\Modul_1_2_07.csproj", "{9BED69A9-14F8-478A-AE44-BBC5259CB858}"
EndProject
Project("{9A19103F-16F7-4668-BE54-9A1E7A4F7556}") = "Banke_bøf", "Banke_bøf\Banke_bøf.csproj", "{EB833A06-36EE-45E4-8906-97430020DD40}"
EndProject
Project("{9A19103F-16F7-4668-BE54-9A1E7A4F7556}") = "Modul_1_2_08", "Modul_1_2_8\Modul_1_2_08.csproj", "{C7EC7808-6A85-4C5A-B555-7F4488B298F7}"
EndProject
Project("{9A19103F-16F7-4668-BE54-9A1E7A4F7556}") = "Modul_1_2_09", "Modul_1_2_9\Modul_1_2_09.csproj", "{71C3CEA3-B001-4CAC-BD0D-B139712B37D2}"
EndProject
Project("{9A19103F-16F7-4668-BE54-9A1E7A4F7556}") = "Modul_1_2_10", "Modul_1_2_10\Modul_1_2_10.csproj", "{15FCC008-B8C7-498E-8E03-9B08E206FF05}"
EndProject
Project("{9A19103F-16F7-4668-BE54-9A1E7A4F7556}") = "Modul_1_2_11", "Modul_1_2_11\Modul_1_2_11.csproj", "{1A24C024-D037-4744-828F-6D2646133601}"
EndProject
Project("{9A19103F-16F7-4668-BE54-9A1E7A4F7556}") = "Modul_1_2_12", "Modul_1_2_12\Modul_1_2_12.csproj", "{CBD506E7-D2DA-45FD-99F6-EABA6D371C9E}"
EndProject
Project("{9A19103F-16F7-4668-BE54-9A1E7A4F7556}") = "Modul_1_2_13", "Modul_1_2_13\Modul_1_2_13.csproj", "{0605631C-2CA0-4CCF-A161-C70626A18ECD}"
EndProject
Project("{9A19103F-16F7-4668-BE54-9A1E7A4F7556}") = "Modul_1_2_14", "Modul_1_2_14\Modul_1_2_14.csproj", "{C6DBFC8F-9BC3-4391-A1C6-9690F942F62C}"
EndProject
Project("{9A19103F-16F7-4668-BE54-9A1E7A4F7556}") = "Modul_1_3_01", "Modul_1_3_1\Modul_1_3_01.csproj", "{0701F781-0D6D-4E8E-A1D7-9DE100EDEB37}"
EndProject
Project("{2150E333-8FDC-42A3-9474-1A3956D46DE8}") = "Done (1_3)", "Done (1_3)", "{6DB9D0A8-8CCE-4838-A01C-195A8CC6415A}"
EndProject
Project("{9A19103F-16F7-4668-BE54-9A1E7A4F7556}") = "Modul_1_3_02", "Modul_1_3_02\Modul_1_3_02.csproj", "{FA625500-DCD3-4504-8F05-E090A1125C44}"
EndProject
Project("{9A19103F-16F7-4668-BE54-9A1E7A4F7556}") = "Modul_1_3_03", "Modul_1_3_03\Modul_1_3_03.csproj", "{52840600-32B5-4129-9E23-F15972769F37}"
EndProject
Project("{9A19103F-16F7-4668-BE54-9A1E7A4F7556}") = "Modul_1_3_04", "Modul_1_3_04\Modul_1_3_04.csproj", "{89FABC93-D7C4-425F-83EC-C0DDA4279704}"
EndProject
Project("{9A19103F-16F7-4668-BE54-9A1E7A4F7556}") = "Modul_1_3_05", "Modul_1_3_05\Modul_1_3_05.csproj", "{9E61355E-61F5-4396-9707-FE327BEE0889}"
EndProject
Project("{9A19103F-16F7-4668-BE54-9A1E7A4F7556}") = "Modul_1_3_07", "Modul_1_3_07\Modul_1_3_07.csproj", "{0C912442-0B88-4255-B0E1-4DE07B27480E}"
EndProject
Project("{9A19103F-16F7-4668-BE54-9A1E7A4F7556}") = "Modul_1_3_06", "Modul_1_3_06\Modul_1_3_06.csproj", "{286E068B-D951-422E-B3BD-EFC13B66CF27}"
EndProject
Project("{9A19103F-16F7-4668-BE54-9A1E7A4F7556}") = "Modul_1_3_08", "Modul_1_3_08\Modul_1_3_08.csproj", "{E028A6B9-6434-455C-9420-CD00911F92C5}"
EndProject
Project("{9A19103F-16F7-4668-BE54-9A1E7A4F7556}") = "Modul_1_3_09", "Modul_1_3_09\Modul_1_3_09.csproj", "{38844B7D-E024-44FB-B899-FC9EE75E1296}"
EndProject
Project("{9A19103F-16F7-4668-BE54-9A1E7A4F7556}") = "Modul_1_3_10", "Modul_1_3_10\Modul_1_3_10.csproj", "{FEA1967F-1708-40E6-9597-9ADE6D726556}"
EndProject
Project("{9A19103F-16F7-4668-BE54-9A1E7A4F7556}") = "Modul_1_3_11", "Modul_1_3_11\Modul_1_3_11.csproj", "{8CA2EF7D-4FDB-4D9F-9E76-F95045F98917}"
EndProject
Project("{9A19103F-16F7-4668-BE54-9A1E7A4F7556}") = "Modul_1_3_12", "Modul_1_3_12\Modul_1_3_12.csproj", "{C4EBD46A-A03B-47EC-8AB0-53919C9A3059}"
EndProject
Project("{9A19103F-16F7-4668-BE54-9A1E7A4F7556}") = "Modul_1_3_13", "Modul_1_3_13\Modul_1_3_13.csproj", "{941DCE8E-355D-4579-8309-397D5C654631}"
EndProject
Project("{9A19103F-16F7-4668-BE54-9A1E7A4F7556}") = "Modul_1_3_14", "Modul_1_3_14\Modul_1_3_14.csproj", "{3EFE320E-5A4B-446F-895F-8E7B55A80929}"
EndProject
Project("{9A19103F-16F7-4668-BE54-9A1E7A4F7556}") = "Modul_1_3_15", "Modul_1_3_15\Modul_1_3_15.csproj", "{9F401D90-EF9B-4BFF-8F6A-5836A05C6D2F}"
EndProject
Project("{9A19103F-16F7-4668-BE54-9A1E7A4F7556}") = "Modul_1_3_16", "Modul_1_3_16\Modul_1_3_16.csproj", "{EC2EF5D2-C90F-47DC-BEAD-523E99A6BE6C}"
EndProject
Project("{9A19103F-16F7-4668-BE54-9A1E7A4F7556}") = "Modul_1_3_17", "Modul_1_3_17\Modul_1_3_17.csproj", "{45C46FDC-EE5A-4580-89DC-9A1D59358ACF}"
EndProject
Project("{9A19103F-16F7-4668-BE54-9A1E7A4F7556}") = "Modul_1_3_18", "Modul_1_3_18\Modul_1_3_18.csproj", "{B7238EA6-1271-4523-9A0E-8BC4E8DD9C9C}"
EndProject
Project("{9A19103F-16F7-4668-BE54-9A1E7A4F7556}") = "Modul_1_3_19", "Modul_1_3_19\Modul_1_3_19.csproj", "{5FE8F268-A782-45A6-B3A9-B56314C68376}"
EndProject
Project("{FAE04EC0-301F-11D3-BF4B-00C04F79EFBC}") = "Banko", "Banko\Banko.csproj", "{84E61556-A545-4D55-8014-02B098C412B6}"
EndProject
Global
	GlobalSection(SolutionConfigurationPlatforms) = preSolution
		Debug|Any CPU = Debug|Any CPU
		Release|Any CPU = Release|Any CPU
	EndGlobalSection
	GlobalSection(ProjectConfigurationPlatforms) = postSolution
		{FFAD9A1E-98FF-4BC8-A400-C5FB8D49684A}.Debug|Any CPU.ActiveCfg = Debug|Any CPU
		{FFAD9A1E-98FF-4BC8-A400-C5FB8D49684A}.Debug|Any CPU.Build.0 = Debug|Any CPU
		{FFAD9A1E-98FF-4BC8-A400-C5FB8D49684A}.Release|Any CPU.ActiveCfg = Release|Any CPU
		{FFAD9A1E-98FF-4BC8-A400-C5FB8D49684A}.Release|Any CPU.Build.0 = Release|Any CPU
		{275C622C-99BF-46F2-83CC-4B4C4B7F9B8E}.Debug|Any CPU.ActiveCfg = Debug|Any CPU
		{275C622C-99BF-46F2-83CC-4B4C4B7F9B8E}.Debug|Any CPU.Build.0 = Debug|Any CPU
		{275C622C-99BF-46F2-83CC-4B4C4B7F9B8E}.Release|Any CPU.ActiveCfg = Release|Any CPU
		{275C622C-99BF-46F2-83CC-4B4C4B7F9B8E}.Release|Any CPU.Build.0 = Release|Any CPU
		{23AA0EC9-732C-436A-B2F6-2C3400FE65BD}.Debug|Any CPU.ActiveCfg = Debug|Any CPU
		{23AA0EC9-732C-436A-B2F6-2C3400FE65BD}.Debug|Any CPU.Build.0 = Debug|Any CPU
		{23AA0EC9-732C-436A-B2F6-2C3400FE65BD}.Release|Any CPU.ActiveCfg = Release|Any CPU
		{23AA0EC9-732C-436A-B2F6-2C3400FE65BD}.Release|Any CPU.Build.0 = Release|Any CPU
		{A314A41A-7244-467A-8674-BCD02F9B6D42}.Debug|Any CPU.ActiveCfg = Debug|Any CPU
		{A314A41A-7244-467A-8674-BCD02F9B6D42}.Debug|Any CPU.Build.0 = Debug|Any CPU
		{A314A41A-7244-467A-8674-BCD02F9B6D42}.Release|Any CPU.ActiveCfg = Release|Any CPU
		{A314A41A-7244-467A-8674-BCD02F9B6D42}.Release|Any CPU.Build.0 = Release|Any CPU
		{538E5C18-75BF-444E-B598-1A4AC8AFE967}.Debug|Any CPU.ActiveCfg = Debug|Any CPU
		{538E5C18-75BF-444E-B598-1A4AC8AFE967}.Debug|Any CPU.Build.0 = Debug|Any CPU
		{538E5C18-75BF-444E-B598-1A4AC8AFE967}.Release|Any CPU.ActiveCfg = Release|Any CPU
		{538E5C18-75BF-444E-B598-1A4AC8AFE967}.Release|Any CPU.Build.0 = Release|Any CPU
		{69F13DFB-8187-425E-9DB6-1939A777995C}.Debug|Any CPU.ActiveCfg = Debug|Any CPU
		{69F13DFB-8187-425E-9DB6-1939A777995C}.Debug|Any CPU.Build.0 = Debug|Any CPU
		{69F13DFB-8187-425E-9DB6-1939A777995C}.Release|Any CPU.ActiveCfg = Release|Any CPU
		{69F13DFB-8187-425E-9DB6-1939A777995C}.Release|Any CPU.Build.0 = Release|Any CPU
		{9B99C2AB-9604-4782-81A9-20895B4B3A29}.Debug|Any CPU.ActiveCfg = Debug|Any CPU
		{9B99C2AB-9604-4782-81A9-20895B4B3A29}.Debug|Any CPU.Build.0 = Debug|Any CPU
		{9B99C2AB-9604-4782-81A9-20895B4B3A29}.Release|Any CPU.ActiveCfg = Release|Any CPU
		{9B99C2AB-9604-4782-81A9-20895B4B3A29}.Release|Any CPU.Build.0 = Release|Any CPU
		{9BED69A9-14F8-478A-AE44-BBC5259CB858}.Debug|Any CPU.ActiveCfg = Debug|Any CPU
		{9BED69A9-14F8-478A-AE44-BBC5259CB858}.Debug|Any CPU.Build.0 = Debug|Any CPU
		{9BED69A9-14F8-478A-AE44-BBC5259CB858}.Release|Any CPU.ActiveCfg = Release|Any CPU
		{9BED69A9-14F8-478A-AE44-BBC5259CB858}.Release|Any CPU.Build.0 = Release|Any CPU
		{EB833A06-36EE-45E4-8906-97430020DD40}.Debug|Any CPU.ActiveCfg = Debug|Any CPU
		{EB833A06-36EE-45E4-8906-97430020DD40}.Debug|Any CPU.Build.0 = Debug|Any CPU
		{EB833A06-36EE-45E4-8906-97430020DD40}.Release|Any CPU.ActiveCfg = Release|Any CPU
		{EB833A06-36EE-45E4-8906-97430020DD40}.Release|Any CPU.Build.0 = Release|Any CPU
		{C7EC7808-6A85-4C5A-B555-7F4488B298F7}.Debug|Any CPU.ActiveCfg = Debug|Any CPU
		{C7EC7808-6A85-4C5A-B555-7F4488B298F7}.Debug|Any CPU.Build.0 = Debug|Any CPU
		{C7EC7808-6A85-4C5A-B555-7F4488B298F7}.Release|Any CPU.ActiveCfg = Release|Any CPU
		{C7EC7808-6A85-4C5A-B555-7F4488B298F7}.Release|Any CPU.Build.0 = Release|Any CPU
		{71C3CEA3-B001-4CAC-BD0D-B139712B37D2}.Debug|Any CPU.ActiveCfg = Debug|Any CPU
		{71C3CEA3-B001-4CAC-BD0D-B139712B37D2}.Debug|Any CPU.Build.0 = Debug|Any CPU
		{71C3CEA3-B001-4CAC-BD0D-B139712B37D2}.Release|Any CPU.ActiveCfg = Release|Any CPU
		{71C3CEA3-B001-4CAC-BD0D-B139712B37D2}.Release|Any CPU.Build.0 = Release|Any CPU
		{15FCC008-B8C7-498E-8E03-9B08E206FF05}.Debug|Any CPU.ActiveCfg = Debug|Any CPU
		{15FCC008-B8C7-498E-8E03-9B08E206FF05}.Debug|Any CPU.Build.0 = Debug|Any CPU
		{15FCC008-B8C7-498E-8E03-9B08E206FF05}.Release|Any CPU.ActiveCfg = Release|Any CPU
		{15FCC008-B8C7-498E-8E03-9B08E206FF05}.Release|Any CPU.Build.0 = Release|Any CPU
		{1A24C024-D037-4744-828F-6D2646133601}.Debug|Any CPU.ActiveCfg = Debug|Any CPU
		{1A24C024-D037-4744-828F-6D2646133601}.Debug|Any CPU.Build.0 = Debug|Any CPU
		{1A24C024-D037-4744-828F-6D2646133601}.Release|Any CPU.ActiveCfg = Release|Any CPU
		{1A24C024-D037-4744-828F-6D2646133601}.Release|Any CPU.Build.0 = Release|Any CPU
		{CBD506E7-D2DA-45FD-99F6-EABA6D371C9E}.Debug|Any CPU.ActiveCfg = Debug|Any CPU
		{CBD506E7-D2DA-45FD-99F6-EABA6D371C9E}.Debug|Any CPU.Build.0 = Debug|Any CPU
		{CBD506E7-D2DA-45FD-99F6-EABA6D371C9E}.Release|Any CPU.ActiveCfg = Release|Any CPU
		{CBD506E7-D2DA-45FD-99F6-EABA6D371C9E}.Release|Any CPU.Build.0 = Release|Any CPU
		{0605631C-2CA0-4CCF-A161-C70626A18ECD}.Debug|Any CPU.ActiveCfg = Debug|Any CPU
		{0605631C-2CA0-4CCF-A161-C70626A18ECD}.Debug|Any CPU.Build.0 = Debug|Any CPU
		{0605631C-2CA0-4CCF-A161-C70626A18ECD}.Release|Any CPU.ActiveCfg = Release|Any CPU
		{0605631C-2CA0-4CCF-A161-C70626A18ECD}.Release|Any CPU.Build.0 = Release|Any CPU
		{C6DBFC8F-9BC3-4391-A1C6-9690F942F62C}.Debug|Any CPU.ActiveCfg = Debug|Any CPU
		{C6DBFC8F-9BC3-4391-A1C6-9690F942F62C}.Debug|Any CPU.Build.0 = Debug|Any CPU
		{C6DBFC8F-9BC3-4391-A1C6-9690F942F62C}.Release|Any CPU.ActiveCfg = Release|Any CPU
		{C6DBFC8F-9BC3-4391-A1C6-9690F942F62C}.Release|Any CPU.Build.0 = Release|Any CPU
		{0701F781-0D6D-4E8E-A1D7-9DE100EDEB37}.Debug|Any CPU.ActiveCfg = Debug|Any CPU
		{0701F781-0D6D-4E8E-A1D7-9DE100EDEB37}.Debug|Any CPU.Build.0 = Debug|Any CPU
		{0701F781-0D6D-4E8E-A1D7-9DE100EDEB37}.Release|Any CPU.ActiveCfg = Release|Any CPU
		{0701F781-0D6D-4E8E-A1D7-9DE100EDEB37}.Release|Any CPU.Build.0 = Release|Any CPU
		{FA625500-DCD3-4504-8F05-E090A1125C44}.Debug|Any CPU.ActiveCfg = Debug|Any CPU
		{FA625500-DCD3-4504-8F05-E090A1125C44}.Debug|Any CPU.Build.0 = Debug|Any CPU
		{FA625500-DCD3-4504-8F05-E090A1125C44}.Release|Any CPU.ActiveCfg = Release|Any CPU
		{FA625500-DCD3-4504-8F05-E090A1125C44}.Release|Any CPU.Build.0 = Release|Any CPU
		{52840600-32B5-4129-9E23-F15972769F37}.Debug|Any CPU.ActiveCfg = Debug|Any CPU
		{52840600-32B5-4129-9E23-F15972769F37}.Debug|Any CPU.Build.0 = Debug|Any CPU
		{52840600-32B5-4129-9E23-F15972769F37}.Release|Any CPU.ActiveCfg = Release|Any CPU
		{52840600-32B5-4129-9E23-F15972769F37}.Release|Any CPU.Build.0 = Release|Any CPU
		{89FABC93-D7C4-425F-83EC-C0DDA4279704}.Debug|Any CPU.ActiveCfg = Debug|Any CPU
		{89FABC93-D7C4-425F-83EC-C0DDA4279704}.Debug|Any CPU.Build.0 = Debug|Any CPU
		{89FABC93-D7C4-425F-83EC-C0DDA4279704}.Release|Any CPU.ActiveCfg = Release|Any CPU
		{89FABC93-D7C4-425F-83EC-C0DDA4279704}.Release|Any CPU.Build.0 = Release|Any CPU
		{9E61355E-61F5-4396-9707-FE327BEE0889}.Debug|Any CPU.ActiveCfg = Debug|Any CPU
		{9E61355E-61F5-4396-9707-FE327BEE0889}.Debug|Any CPU.Build.0 = Debug|Any CPU
		{9E61355E-61F5-4396-9707-FE327BEE0889}.Release|Any CPU.ActiveCfg = Release|Any CPU
		{9E61355E-61F5-4396-9707-FE327BEE0889}.Release|Any CPU.Build.0 = Release|Any CPU
		{0C912442-0B88-4255-B0E1-4DE07B27480E}.Debug|Any CPU.ActiveCfg = Debug|Any CPU
		{0C912442-0B88-4255-B0E1-4DE07B27480E}.Debug|Any CPU.Build.0 = Debug|Any CPU
		{0C912442-0B88-4255-B0E1-4DE07B27480E}.Release|Any CPU.ActiveCfg = Release|Any CPU
		{0C912442-0B88-4255-B0E1-4DE07B27480E}.Release|Any CPU.Build.0 = Release|Any CPU
		{286E068B-D951-422E-B3BD-EFC13B66CF27}.Debug|Any CPU.ActiveCfg = Debug|Any CPU
		{286E068B-D951-422E-B3BD-EFC13B66CF27}.Debug|Any CPU.Build.0 = Debug|Any CPU
		{286E068B-D951-422E-B3BD-EFC13B66CF27}.Release|Any CPU.ActiveCfg = Release|Any CPU
		{286E068B-D951-422E-B3BD-EFC13B66CF27}.Release|Any CPU.Build.0 = Release|Any CPU
		{E028A6B9-6434-455C-9420-CD00911F92C5}.Debug|Any CPU.ActiveCfg = Debug|Any CPU
		{E028A6B9-6434-455C-9420-CD00911F92C5}.Debug|Any CPU.Build.0 = Debug|Any CPU
		{E028A6B9-6434-455C-9420-CD00911F92C5}.Release|Any CPU.ActiveCfg = Release|Any CPU
		{E028A6B9-6434-455C-9420-CD00911F92C5}.Release|Any CPU.Build.0 = Release|Any CPU
		{38844B7D-E024-44FB-B899-FC9EE75E1296}.Debug|Any CPU.ActiveCfg = Debug|Any CPU
		{38844B7D-E024-44FB-B899-FC9EE75E1296}.Debug|Any CPU.Build.0 = Debug|Any CPU
		{38844B7D-E024-44FB-B899-FC9EE75E1296}.Release|Any CPU.ActiveCfg = Release|Any CPU
		{38844B7D-E024-44FB-B899-FC9EE75E1296}.Release|Any CPU.Build.0 = Release|Any CPU
		{FEA1967F-1708-40E6-9597-9ADE6D726556}.Debug|Any CPU.ActiveCfg = Debug|Any CPU
		{FEA1967F-1708-40E6-9597-9ADE6D726556}.Debug|Any CPU.Build.0 = Debug|Any CPU
		{FEA1967F-1708-40E6-9597-9ADE6D726556}.Release|Any CPU.ActiveCfg = Release|Any CPU
		{FEA1967F-1708-40E6-9597-9ADE6D726556}.Release|Any CPU.Build.0 = Release|Any CPU
		{8CA2EF7D-4FDB-4D9F-9E76-F95045F98917}.Debug|Any CPU.ActiveCfg = Debug|Any CPU
		{8CA2EF7D-4FDB-4D9F-9E76-F95045F98917}.Debug|Any CPU.Build.0 = Debug|Any CPU
		{8CA2EF7D-4FDB-4D9F-9E76-F95045F98917}.Release|Any CPU.ActiveCfg = Release|Any CPU
		{8CA2EF7D-4FDB-4D9F-9E76-F95045F98917}.Release|Any CPU.Build.0 = Release|Any CPU
		{C4EBD46A-A03B-47EC-8AB0-53919C9A3059}.Debug|Any CPU.ActiveCfg = Debug|Any CPU
		{C4EBD46A-A03B-47EC-8AB0-53919C9A3059}.Debug|Any CPU.Build.0 = Debug|Any CPU
		{C4EBD46A-A03B-47EC-8AB0-53919C9A3059}.Release|Any CPU.ActiveCfg = Release|Any CPU
		{C4EBD46A-A03B-47EC-8AB0-53919C9A3059}.Release|Any CPU.Build.0 = Release|Any CPU
		{941DCE8E-355D-4579-8309-397D5C654631}.Debug|Any CPU.ActiveCfg = Debug|Any CPU
		{941DCE8E-355D-4579-8309-397D5C654631}.Debug|Any CPU.Build.0 = Debug|Any CPU
		{941DCE8E-355D-4579-8309-397D5C654631}.Release|Any CPU.ActiveCfg = Release|Any CPU
		{941DCE8E-355D-4579-8309-397D5C654631}.Release|Any CPU.Build.0 = Release|Any CPU
		{3EFE320E-5A4B-446F-895F-8E7B55A80929}.Debug|Any CPU.ActiveCfg = Debug|Any CPU
		{3EFE320E-5A4B-446F-895F-8E7B55A80929}.Debug|Any CPU.Build.0 = Debug|Any CPU
		{3EFE320E-5A4B-446F-895F-8E7B55A80929}.Release|Any CPU.ActiveCfg = Release|Any CPU
		{3EFE320E-5A4B-446F-895F-8E7B55A80929}.Release|Any CPU.Build.0 = Release|Any CPU
		{9F401D90-EF9B-4BFF-8F6A-5836A05C6D2F}.Debug|Any CPU.ActiveCfg = Debug|Any CPU
		{9F401D90-EF9B-4BFF-8F6A-5836A05C6D2F}.Debug|Any CPU.Build.0 = Debug|Any CPU
		{9F401D90-EF9B-4BFF-8F6A-5836A05C6D2F}.Release|Any CPU.ActiveCfg = Release|Any CPU
		{9F401D90-EF9B-4BFF-8F6A-5836A05C6D2F}.Release|Any CPU.Build.0 = Release|Any CPU
		{EC2EF5D2-C90F-47DC-BEAD-523E99A6BE6C}.Debug|Any CPU.ActiveCfg = Debug|Any CPU
		{EC2EF5D2-C90F-47DC-BEAD-523E99A6BE6C}.Debug|Any CPU.Build.0 = Debug|Any CPU
		{EC2EF5D2-C90F-47DC-BEAD-523E99A6BE6C}.Release|Any CPU.ActiveCfg = Release|Any CPU
		{EC2EF5D2-C90F-47DC-BEAD-523E99A6BE6C}.Release|Any CPU.Build.0 = Release|Any CPU
		{45C46FDC-EE5A-4580-89DC-9A1D59358ACF}.Debug|Any CPU.ActiveCfg = Debug|Any CPU
		{45C46FDC-EE5A-4580-89DC-9A1D59358ACF}.Debug|Any CPU.Build.0 = Debug|Any CPU
		{45C46FDC-EE5A-4580-89DC-9A1D59358ACF}.Release|Any CPU.ActiveCfg = Release|Any CPU
		{45C46FDC-EE5A-4580-89DC-9A1D59358ACF}.Release|Any CPU.Build.0 = Release|Any CPU
		{B7238EA6-1271-4523-9A0E-8BC4E8DD9C9C}.Debug|Any CPU.ActiveCfg = Debug|Any CPU
		{B7238EA6-1271-4523-9A0E-8BC4E8DD9C9C}.Debug|Any CPU.Build.0 = Debug|Any CPU
		{B7238EA6-1271-4523-9A0E-8BC4E8DD9C9C}.Release|Any CPU.ActiveCfg = Release|Any CPU
		{B7238EA6-1271-4523-9A0E-8BC4E8DD9C9C}.Release|Any CPU.Build.0 = Release|Any CPU
		{5FE8F268-A782-45A6-B3A9-B56314C68376}.Debug|Any CPU.ActiveCfg = Debug|Any CPU
		{5FE8F268-A782-45A6-B3A9-B56314C68376}.Debug|Any CPU.Build.0 = Debug|Any CPU
		{5FE8F268-A782-45A6-B3A9-B56314C68376}.Release|Any CPU.ActiveCfg = Release|Any CPU
		{5FE8F268-A782-45A6-B3A9-B56314C68376}.Release|Any CPU.Build.0 = Release|Any CPU
		{84E61556-A545-4D55-8014-02B098C412B6}.Debug|Any CPU.ActiveCfg = Debug|Any CPU
		{84E61556-A545-4D55-8014-02B098C412B6}.Debug|Any CPU.Build.0 = Debug|Any CPU
		{84E61556-A545-4D55-8014-02B098C412B6}.Release|Any CPU.ActiveCfg = Release|Any CPU
		{84E61556-A545-4D55-8014-02B098C412B6}.Release|Any CPU.Build.0 = Release|Any CPU
	EndGlobalSection
	GlobalSection(SolutionProperties) = preSolution
		HideSolutionNode = FALSE
	EndGlobalSection
	GlobalSection(NestedProjects) = preSolution
		{FFAD9A1E-98FF-4BC8-A400-C5FB8D49684A} = {B1C94AB3-EFD7-4CAA-8323-B9AA4BDDB2A7}
		{275C622C-99BF-46F2-83CC-4B4C4B7F9B8E} = {B1C94AB3-EFD7-4CAA-8323-B9AA4BDDB2A7}
		{23AA0EC9-732C-436A-B2F6-2C3400FE65BD} = {B1C94AB3-EFD7-4CAA-8323-B9AA4BDDB2A7}
		{A314A41A-7244-467A-8674-BCD02F9B6D42} = {B1C94AB3-EFD7-4CAA-8323-B9AA4BDDB2A7}
		{538E5C18-75BF-444E-B598-1A4AC8AFE967} = {B1C94AB3-EFD7-4CAA-8323-B9AA4BDDB2A7}
		{69F13DFB-8187-425E-9DB6-1939A777995C} = {B1C94AB3-EFD7-4CAA-8323-B9AA4BDDB2A7}
		{9B99C2AB-9604-4782-81A9-20895B4B3A29} = {B1C94AB3-EFD7-4CAA-8323-B9AA4BDDB2A7}
		{9BED69A9-14F8-478A-AE44-BBC5259CB858} = {B1C94AB3-EFD7-4CAA-8323-B9AA4BDDB2A7}
		{EB833A06-36EE-45E4-8906-97430020DD40} = {B1C94AB3-EFD7-4CAA-8323-B9AA4BDDB2A7}
		{C7EC7808-6A85-4C5A-B555-7F4488B298F7} = {B1C94AB3-EFD7-4CAA-8323-B9AA4BDDB2A7}
		{71C3CEA3-B001-4CAC-BD0D-B139712B37D2} = {B1C94AB3-EFD7-4CAA-8323-B9AA4BDDB2A7}
		{15FCC008-B8C7-498E-8E03-9B08E206FF05} = {B1C94AB3-EFD7-4CAA-8323-B9AA4BDDB2A7}
		{1A24C024-D037-4744-828F-6D2646133601} = {B1C94AB3-EFD7-4CAA-8323-B9AA4BDDB2A7}
		{CBD506E7-D2DA-45FD-99F6-EABA6D371C9E} = {B1C94AB3-EFD7-4CAA-8323-B9AA4BDDB2A7}
		{0605631C-2CA0-4CCF-A161-C70626A18ECD} = {B1C94AB3-EFD7-4CAA-8323-B9AA4BDDB2A7}
		{C6DBFC8F-9BC3-4391-A1C6-9690F942F62C} = {B1C94AB3-EFD7-4CAA-8323-B9AA4BDDB2A7}
		{0701F781-0D6D-4E8E-A1D7-9DE100EDEB37} = {6DB9D0A8-8CCE-4838-A01C-195A8CC6415A}
		{FA625500-DCD3-4504-8F05-E090A1125C44} = {6DB9D0A8-8CCE-4838-A01C-195A8CC6415A}
		{52840600-32B5-4129-9E23-F15972769F37} = {6DB9D0A8-8CCE-4838-A01C-195A8CC6415A}
		{89FABC93-D7C4-425F-83EC-C0DDA4279704} = {6DB9D0A8-8CCE-4838-A01C-195A8CC6415A}
		{9E61355E-61F5-4396-9707-FE327BEE0889} = {6DB9D0A8-8CCE-4838-A01C-195A8CC6415A}
		{0C912442-0B88-4255-B0E1-4DE07B27480E} = {6DB9D0A8-8CCE-4838-A01C-195A8CC6415A}
		{286E068B-D951-422E-B3BD-EFC13B66CF27} = {6DB9D0A8-8CCE-4838-A01C-195A8CC6415A}
		{E028A6B9-6434-455C-9420-CD00911F92C5} = {6DB9D0A8-8CCE-4838-A01C-195A8CC6415A}
		{38844B7D-E024-44FB-B899-FC9EE75E1296} = {6DB9D0A8-8CCE-4838-A01C-195A8CC6415A}
		{FEA1967F-1708-40E6-9597-9ADE6D726556} = {6DB9D0A8-8CCE-4838-A01C-195A8CC6415A}
		{8CA2EF7D-4FDB-4D9F-9E76-F95045F98917} = {6DB9D0A8-8CCE-4838-A01C-195A8CC6415A}
	EndGlobalSection
	GlobalSection(ExtensibilityGlobals) = postSolution
		SolutionGuid = {B07DE43D-26E5-492B-8D3C-EDF686D8CF61}
	EndGlobalSection
EndGlobal
